{
  "requires": true,
  "lockfileVersion": 1,
  "dependencies": {
    "@angular/animations": {
      "version": "9.1.1",
      "resolved": "https://registry.npmjs.org/@angular/animations/-/animations-9.1.1.tgz",
      "integrity": "sha512-IvKv8sV0ymbzDEX2ZLW+F6nOTQqDYallHexuzRVT9txvNE8TNHyySvLcyC5dTmX9fj9LA72NZ6nFyhxq0LFvtQ=="
    },
    "primeicons": {
      "version": "2.0.0",
      "resolved": "https://registry.npmjs.org/primeicons/-/primeicons-2.0.0.tgz",
      "integrity": "sha512-GJTCeMSQU8UU1GqbsaDrg/IH+b/vSinJQl52NVpdJ7sShYLZA8Eq6jLF48Ye3N/dQloGrE07i7XsZvxQ9pNbqg=="
    }
  }
}
